{
  "name": "test",
  "version": "1.0.0",
  "lockfileVersion": 1,
  "requires": true,
  "dependencies": {
    "chai": {
      "version": "4.1.2",
      "resolved": "http://registry.npm.taobao.org/chai/download/chai-4.1.2.tgz",
      "dev": true,
      "dependencies": {
        "assertion-error": {
          "version": "http://registry.npm.taobao.org/assertion-error/download/assertion-error-1.1.0.tgz",
          "bundled": true
        },
        "check-error": {
          "version": "http://registry.npm.taobao.org/check-error/download/check-error-1.0.2.tgz",
          "bundled": true
        },
        "deep-eql": {
          "version": "http://registry.npm.taobao.org/deep-eql/download/deep-eql-3.0.1.tgz",
          "bundled": true
        },
        "get-func-name": {
          "version": "http://registry.npm.taobao.org/get-func-name/download/get-func-name-2.0.0.tgz",
          "bundled": true
        },
        "pathval": {
          "version": "http://registry.npm.taobao.org/pathval/download/pathval-1.1.0.tgz",
          "bundled": true
        },
        "type-detect": {
          "version": "http://registry.npm.taobao.org/type-detect/download/type-detect-4.0.8.tgz",
          "bundled": true
        }
      }
    },
    "karma": {
      "version": "2.0.4",
      "resolved": "http://registry.npm.taobao.org/karma/download/karma-2.0.4.tgz",
      "dev": true,
      "dependencies": {
        "bluebird": {
          "version": "http://registry.npm.taobao.org/bluebird/download/bluebird-3.5.1.tgz",
          "bundled": true
        },
        "body-parser": {
          "version": "http://registry.npm.taobao.org/body-parser/download/body-parser-1.18.3.tgz",
          "bundled": true,
          "dependencies": {
            "bytes": {
              "version": "http://registry.npm.taobao.org/bytes/download/bytes-3.0.0.tgz"
            },
            "content-type": {
              "version": "http://registry.npm.taobao.org/content-type/download/content-type-1.0.4.tgz"
            },
            "debug": {
              "version": "http://registry.npm.taobao.org/debug/download/debug-2.6.9.tgz"
            },
            "depd": {
              "version": "http://registry.npm.taobao.org/depd/download/depd-1.1.2.tgz"
            },
            "http-errors": {
              "version": "http://registry.npm.taobao.org/http-errors/download/http-errors-1.6.3.tgz",
              "dependencies": {
                "depd": {
                  "version": "http://registry.npm.taobao.org/depd/download/depd-1.1.2.tgz"
                },
                "inherits": {
                  "version": "http://registry.npm.taobao.org/inherits/download/inherits-2.0.3.tgz"
                },
                "setprototypeof": {
                  "version": "http://registry.npm.taobao.org/setprototypeof/download/setprototypeof-1.1.0.tgz"
                },
                "statuses": {
                  "version": "http://registry.npm.taobao.org/statuses/download/statuses-1.5.0.tgz"
                }
              }
            },
            "iconv-lite": {
              "version": "http://registry.npm.taobao.org/iconv-lite/download/iconv-lite-0.4.23.tgz",
              "dependencies": {
                "safer-buffer": {
                  "version": "http://registry.npm.taobao.org/safer-buffer/download/safer-buffer-2.1.2.tgz"
                }
              }
            },
            "on-finished": {
              "version": "http://registry.npm.taobao.org/on-finished/download/on-finished-2.3.0.tgz",
              "dependencies": {
                "ee-first": {
                  "version": "http://registry.npm.taobao.org/ee-first/download/ee-first-1.1.1.tgz"
                }
              }
            },
            "qs": {
              "version": "http://registry.npm.taobao.org/qs/download/qs-6.5.2.tgz"
            },
            "raw-body": {
              "version": "http://registry.npm.taobao.org/raw-body/download/raw-body-2.3.3.tgz",
              "dependencies": {
                "bytes": {
                  "version": "http://registry.npm.taobao.org/bytes/download/bytes-3.0.0.tgz",
                  "bundled": true
                },
                "http-errors": {
                  "version": "http://registry.npm.taobao.org/http-errors/download/http-errors-1.6.3.tgz",
                  "bundled": true
                },
                "iconv-lite": {
                  "version": "http://registry.npm.taobao.org/iconv-lite/download/iconv-lite-0.4.23.tgz",
                  "bundled": true
                },
                "unpipe": {
                  "version": "http://registry.npm.taobao.org/unpipe/download/unpipe-1.0.0.tgz",
                  "bundled": true
                }
              }
            },
            "type-is": {
              "version": "http://registry.npm.taobao.org/type-is/download/type-is-1.6.16.tgz"
            }
          }
        },
        "chokidar": {
          "version": "http://registry.npm.taobao.org/chokidar/download/chokidar-2.0.4.tgz",
          "bundled": true,
          "dependencies": {
            "anymatch": {
              "version": "http://registry.npm.taobao.org/anymatch/download/anymatch-2.0.0.tgz",
              "dependencies": {
                "micromatch": {
                  "version": "http://registry.npm.taobao.org/micromatch/download/micromatch-3.1.10.tgz",
                  "bundled": true
                },
                "normalize-path": {
                  "version": "http://registry.npm.taobao.org/normalize-path/download/normalize-path-2.1.1.tgz",
                  "bundled": true
                }
              }
            },
            "async-each": {
              "version": "http://registry.npm.taobao.org/async-each/download/async-each-1.0.1.tgz"
            },
            "braces": {
              "version": "http://registry.npm.taobao.org/braces/download/braces-2.3.2.tgz",
              "dependencies": {
                "arr-flatten": {
                  "version": "http://registry.npm.taobao.org/arr-flatten/download/arr-flatten-1.1.0.tgz",
                  "bundled": true
                },
                "array-unique": {
                  "version": "http://registry.npm.taobao.org/array-unique/download/array-unique-0.3.2.tgz",
                  "bundled": true
                },
                "extend-shallow": {
                  "version": "http://registry.npm.taobao.org/extend-shallow/download/extend-shallow-2.0.1.tgz",
                  "bundled": true,
                  "dependencies": {
                    "is-extendable": {
                      "version": "http://registry.npm.taobao.org/is-extendable/download/is-extendable-0.1.1.tgz"
                    }
                  }
                },
                "fill-range": {
                  "version": "http://registry.npm.taobao.org/fill-range/download/fill-range-4.0.0.tgz",
                  "bundled": true
                },
                "isobject": {
                  "version": "http://registry.npm.taobao.org/isobject/download/isobject-3.0.1.tgz",
                  "bundled": true
                },
                "repeat-element": {
                  "version": "http://registry.npm.taobao.org/repeat-element/download/repeat-element-1.1.2.tgz",
                  "bundled": true
                },
                "snapdragon": {
                  "version": "http://registry.npm.taobao.org/snapdragon/download/snapdragon-0.8.2.tgz",
                  "bundled": true
                },
                "snapdragon-node": {
                  "version": "http://registry.npm.taobao.org/snapdragon-node/download/snapdragon-node-2.1.1.tgz",
                  "bundled": true
                },
                "split-string": {
                  "version": "http://registry.npm.taobao.org/split-string/download/split-string-3.1.0.tgz",
                  "bundled": true,
                  "dependencies": {
                    "extend-shallow": {
                      "version": "http://registry.npm.taobao.org/extend-shallow/download/extend-shallow-3.0.2.tgz",
                      "bundled": true,
                      "dependencies": {
                        "assign-symbols": {
                          "version": "http://registry.npm.taobao.org/assign-symbols/download/assign-symbols-1.0.0.tgz"
                        },
                        "is-extendable": {
                          "version": "http://registry.npm.taobao.org/is-extendable/download/is-extendable-1.0.1.tgz"
                        }
                      }
                    }
                  }
                },
                "to-regex": {
                  "version": "http://registry.npm.taobao.org/to-regex/download/to-regex-3.0.2.tgz",
                  "bundled": true
                }
              }
            },
            "fsevents": {
              "version": "http://registry.npm.taobao.org/fsevents/download/fsevents-1.2.4.tgz"
            },
            "glob-parent": {
              "version": "http://registry.npm.taobao.org/glob-parent/download/glob-parent-3.1.0.tgz"
            },
            "inherits": {
              "version": "http://registry.npm.taobao.org/inherits/download/inherits-2.0.3.tgz"
            },
            "is-binary-path": {
              "version": "http://registry.npm.taobao.org/is-binary-path/download/is-binary-path-1.0.1.tgz"
            },
            "is-glob": {
              "version": "http://registry.npm.taobao.org/is-glob/download/is-glob-4.0.0.tgz"
            },
            "lodash.debounce": {
              "version": "http://registry.npm.taobao.org/lodash.debounce/download/lodash.debounce-4.0.8.tgz"
            },
            "normalize-path": {
              "version": "http://registry.npm.taobao.org/normalize-path/download/normalize-path-2.1.1.tgz",
              "dependencies": {
                "remove-trailing-separator": {
                  "version": "http://registry.npm.taobao.org/remove-trailing-separator/download/remove-trailing-separator-1.1.0.tgz",
                  "bundled": true
                }
              }
            },
            "path-is-absolute": {
              "version": "http://registry.npm.taobao.org/path-is-absolute/download/path-is-absolute-1.0.1.tgz"
            },
            "readdirp": {
              "version": "http://registry.npm.taobao.org/readdirp/download/readdirp-2.1.0.tgz"
            },
            "upath": {
              "version": "http://registry.npm.taobao.org/upath/download/upath-1.1.0.tgz"
            }
          }
        },
        "colors": {
          "version": "http://registry.npm.taobao.org/colors/download/colors-1.3.0.tgz",
          "bundled": true
        },
        "combine-lists": {
          "version": "http://registry.npm.taobao.org/combine-lists/download/combine-lists-1.0.1.tgz",
          "bundled": true
        },
        "connect": {
          "version": "http://registry.npm.taobao.org/connect/download/connect-3.6.6.tgz",
          "bundled": true
        },
        "core-js": {
          "version": "http://registry.npm.taobao.org/core-js/download/core-js-2.5.7.tgz",
          "bundled": true
        },
        "di": {
          "version": "http://registry.npm.taobao.org/di/download/di-0.0.1.tgz",
          "bundled": true
        },
        "dom-serialize": {
          "version": "http://registry.npm.taobao.org/dom-serialize/download/dom-serialize-2.2.1.tgz",
          "bundled": true
        },
        "expand-braces": {
          "version": "http://registry.npm.taobao.org/expand-braces/download/expand-braces-0.1.2.tgz",
          "bundled": true
        },
        "glob": {
          "version": "http://registry.npm.taobao.org/glob/download/glob-7.1.2.tgz",
          "bundled": true,
          "dependencies": {
            "fs.realpath": {
              "version": "http://registry.npm.taobao.org/fs.realpath/download/fs.realpath-1.0.0.tgz"
            },
            "inflight": {
              "version": "http://registry.npm.taobao.org/inflight/download/inflight-1.0.6.tgz"
            },
            "inherits": {
              "version": "http://registry.npm.taobao.org/inherits/download/inherits-2.0.3.tgz"
            },
            "minimatch": {
              "version": "http://registry.npm.taobao.org/minimatch/download/minimatch-3.0.4.tgz",
              "dependencies": {
                "brace-expansion": {
                  "version": "http://registry.npm.taobao.org/brace-expansion/download/brace-expansion-1.1.11.tgz"
                }
              }
            },
            "once": {
              "version": "http://registry.npm.taobao.org/once/download/once-1.4.0.tgz",
              "dependencies": {
                "wrappy": {
                  "version": "http://registry.npm.taobao.org/wrappy/download/wrappy-1.0.2.tgz"
                }
              }
            },
            "path-is-absolute": {
              "version": "http://registry.npm.taobao.org/path-is-absolute/download/path-is-absolute-1.0.1.tgz"
            }
          }
        },
        "graceful-fs": {
          "version": "http://registry.npm.taobao.org/graceful-fs/download/graceful-fs-4.1.11.tgz",
          "bundled": true
        },
        "http-proxy": {
          "version": "http://registry.npm.taobao.org/http-proxy/download/http-proxy-1.17.0.tgz",
          "bundled": true
        },
        "isbinaryfile": {
          "version": "http://registry.npm.taobao.org/isbinaryfile/download/isbinaryfile-3.0.2.tgz",
          "bundled": true
        },
        "lodash": {
          "version": "http://registry.npm.taobao.org/lodash/download/lodash-4.17.10.tgz",
          "bundled": true
        },
        "log4js": {
          "version": "http://registry.npm.taobao.org/log4js/download/log4js-2.10.0.tgz",
          "bundled": true
        },
        "mime": {
          "version": "http://registry.npm.taobao.org/mime/download/mime-1.6.0.tgz",
          "bundled": true
        },
        "minimatch": {
          "version": "http://registry.npm.taobao.org/minimatch/download/minimatch-3.0.4.tgz",
          "bundled": true,
          "dependencies": {
            "brace-expansion": {
              "version": "http://registry.npm.taobao.org/brace-expansion/download/brace-expansion-1.1.11.tgz"
            }
          }
        },
        "optimist": {
          "version": "http://registry.npm.taobao.org/optimist/download/optimist-0.6.1.tgz",
          "bundled": true
        },
        "qjobs": {
          "version": "http://registry.npm.taobao.org/qjobs/download/qjobs-1.2.0.tgz",
          "bundled": true
        },
        "range-parser": {
          "version": "http://registry.npm.taobao.org/range-parser/download/range-parser-1.2.0.tgz",
          "bundled": true
        },
        "rimraf": {
          "version": "http://registry.npm.taobao.org/rimraf/download/rimraf-2.6.2.tgz",
          "bundled": true,
          "dependencies": {
            "glob": {
              "version": "http://registry.npm.taobao.org/glob/download/glob-7.1.2.tgz",
              "dependencies": {
                "fs.realpath": {
                  "version": "http://registry.npm.taobao.org/fs.realpath/download/fs.realpath-1.0.0.tgz"
                },
                "inflight": {
                  "version": "http://registry.npm.taobao.org/inflight/download/inflight-1.0.6.tgz"
                },
                "inherits": {
                  "version": "http://registry.npm.taobao.org/inherits/download/inherits-2.0.3.tgz"
                },
                "minimatch": {
                  "version": "http://registry.npm.taobao.org/minimatch/download/minimatch-3.0.4.tgz",
                  "dependencies": {}
                },
                "once": {
                  "version": "http://registry.npm.taobao.org/once/download/once-1.4.0.tgz",
                  "dependencies": {}
                },
                "path-is-absolute": {
                  "version": "http://registry.npm.taobao.org/path-is-absolute/download/path-is-absolute-1.0.1.tgz"
                }
              }
            }
          }
        },
        "safe-buffer": {
          "version": "http://registry.npm.taobao.org/safe-buffer/download/safe-buffer-5.1.2.tgz",
          "bundled": true
        },
        "socket.io": {
          "version": "http://registry.npm.taobao.org/socket.io/download/socket.io-2.0.4.tgz",
          "bundled": true
        },
        "source-map": {
          "version": "http://registry.npm.taobao.org/source-map/download/source-map-0.6.1.tgz",
          "bundled": true
        },
        "tmp": {
          "version": "http://registry.npm.taobao.org/tmp/download/tmp-0.0.33.tgz",
          "bundled": true
        },
        "useragent": {
          "version": "http://registry.npm.taobao.org/useragent/download/useragent-2.2.1.tgz",
          "bundled": true
        }
      }
    },
    "karma-jasmine": {
      "version": "1.1.2",
      "resolved": "http://registry.npm.taobao.org/karma-jasmine/download/karma-jasmine-1.1.2.tgz",
      "integrity": "sha1-OU8rJf+0pkS5rabyLUQ+L9CIhsM=",
      "dev": true
    },
    "mocha": {
      "version": "5.2.0",
      "resolved": "http://registry.npm.taobao.org/mocha/download/mocha-5.2.0.tgz",
      "dev": true,
      "dependencies": {
        "browser-stdout": {
          "version": "http://registry.npm.taobao.org/browser-stdout/download/browser-stdout-1.3.1.tgz",
          "bundled": true
        },
        "commander": {
          "version": "http://registry.npm.taobao.org/commander/download/commander-2.15.1.tgz",
          "bundled": true
        },
        "debug": {
          "version": "http://registry.npm.taobao.org/debug/download/debug-3.1.0.tgz",
          "bundled": true
        },
        "diff": {
          "version": "http://registry.npm.taobao.org/diff/download/diff-3.5.0.tgz",
          "bundled": true
        },
        "escape-string-regexp": {
          "version": "http://registry.npm.taobao.org/escape-string-regexp/download/escape-string-regexp-1.0.5.tgz",
          "bundled": true
        },
        "glob": {
          "version": "http://registry.npm.taobao.org/glob/download/glob-7.1.2.tgz",
          "bundled": true,
          "dependencies": {
            "fs.realpath": {
              "version": "http://registry.npm.taobao.org/fs.realpath/download/fs.realpath-1.0.0.tgz"
            },
            "inflight": {
              "version": "http://registry.npm.taobao.org/inflight/download/inflight-1.0.6.tgz"
            },
            "inherits": {
              "version": "http://registry.npm.taobao.org/inherits/download/inherits-2.0.3.tgz"
            },
            "minimatch": {
              "version": "http://registry.npm.taobao.org/minimatch/download/minimatch-3.0.4.tgz",
              "dependencies": {}
            },
            "once": {
              "version": "http://registry.npm.taobao.org/once/download/once-1.4.0.tgz",
              "dependencies": {}
            },
            "path-is-absolute": {
              "version": "http://registry.npm.taobao.org/path-is-absolute/download/path-is-absolute-1.0.1.tgz"
            }
          }
        },
        "growl": {
          "version": "http://registry.npm.taobao.org/growl/download/growl-1.10.5.tgz",
          "bundled": true
        },
        "he": {
          "version": "http://registry.npm.taobao.org/he/download/he-1.1.1.tgz",
          "bundled": true
        },
        "minimatch": {
          "version": "http://registry.npm.taobao.org/minimatch/download/minimatch-3.0.4.tgz",
          "bundled": true,
          "dependencies": {
            "brace-expansion": {
              "version": "http://registry.npm.taobao.org/brace-expansion/download/brace-expansion-1.1.11.tgz"
            }
          }
        },
        "mkdirp": {
          "version": "http://registry.npm.taobao.org/mkdirp/download/mkdirp-0.5.1.tgz",
          "bundled": true,
          "dependencies": {
            "minimist": {
              "version": "http://registry.npm.taobao.org/minimist/download/minimist-0.0.8.tgz",
              "bundled": true
            }
          }
        },
        "supports-color": {
          "version": "http://registry.npm.taobao.org/supports-color/download/supports-color-5.4.0.tgz",
          "bundled": true
        }
      }
    }
  }
}
